# This file is automatically @generated by Poetry 1.5.1 and should not be changed by hand.

[[package]]
name = "black"
version = "23.7.0"
description = "The uncompromising code formatter."
optional = false
python-versions = "*"
files = []

[[package]]
name = "jupyter"
version = "1.0.0"
description = "Jupyter metapackage. Install all the Jupyter components in one go."
optional = false
python-versions = "*"
files = []

[[package]]
name = "matplotlib"
version = "3.7.2"
description = "Python plotting package"
optional = false
python-versions = "*"
files = []

[[package]]
name = "numpy"
version = "1.25.2"
description = "Fundamental package for array computing in Python"
optional = false
python-versions = "*"
files = []

[[package]]
name = "pandas"
version = "2.0.3"
description = "Powerful data structures for data analysis, time series, and statistics"
optional = false
python-versions = "*"
files = []

[[package]]
name = "pykeops"
version = "2.1.2"
description = "Python bindings of KeOps: KErnel OPerationS, on CPUs and GPUs, with autodiff and without memory overflows"
optional = false
python-versions = "*"
files = []

[[package]]
name = "pytest"
version = "7.4.0"
description = "pytest: simple powerful testing with Python"
optional = false
python-versions = "*"
files = []

[[package]]
name = "pytorch-lightning"
version = "2.0.7"
description = "PyTorch Lightning is the lightweight PyTorch wrapper for ML researchers. Scale your models. Write less boilerplate."
optional = false
python-versions = "*"
files = []

[[package]]
name = "scikit-learn"
version = "1.3.0"
description = "A set of python modules for machine learning and data mining"
optional = false
python-versions = "*"
files = []

[[package]]
name = "scipy"
version = "1.11.2"
description = "Fundamental algorithms for scientific computing in Python"
optional = false
python-versions = "*"
files = []

[[package]]
name = "seaborn"
version = "0.12.2"
description = "Statistical data visualization"
optional = false
python-versions = "*"
files = []

[[package]]
name = "torch"
version = "2.0.0"
description = "Tensors and Dynamic neural networks in Python with strong GPU acceleration"
optional = false
python-versions = "*"
files = []

[[package]]
name = "torch-geometric"
version = "2.3.1"
description = "Graph Neural Network Library for PyTorch"
optional = false
python-versions = "*"
files = []

[[package]]
name = "tqdm"
version = "4.66.1"
description = "Fast, Extensible Progress Meter"
optional = false
python-versions = "*"
files = []

[metadata]
lock-version = "2.0"
python-versions = "^3.11,<3.12"
content-hash = "1618a21af0e7a408c487e82f9bfaaf8f5f0d776f42579b0e87641c409504fb69"
